
Microsoft Visual Studio Solution File, Format Version 12.00
# Visual Studio Version 17
VisualStudioVersion = 17.1.32210.238
MinimumVisualStudioVersion = 10.0.40219.1
Project("{FAE04EC0-301F-11D3-BF4B-00C04F79EFBC}") = "WcfService1", "WcfService1\WcfService1.csproj", "{075C5F67-025D-414B-AA1B-43CC17EEE7D5}"
EndProject
Project("{FAE04EC0-301F-11D3-BF4B-00C04F79EFBC}") = "WebApplication2", "WebApplication2\WebApplication2.csproj", "{D930C6EE-4867-442A-8D86-CA9BE3D8B0FA}"
	ProjectSection(ProjectDependencies) = postProject
		{075C5F67-025D-414B-AA1B-43CC17EEE7D5} = {075C5F67-025D-414B-AA1B-43CC17EEE7D5}
	EndProjectSection
EndProject
Global
	GlobalSection(SolutionConfigurationPlatforms) = preSolution
		Debug|Any CPU = Debug|Any CPU
		Release|Any CPU = Release|Any CPU
	EndGlobalSection
	GlobalSection(ProjectConfigurationPlatforms) = postSolution
		{075C5F67-025D-414B-AA1B-43CC17EEE7D5}.Debug|Any CPU.ActiveCfg = Debug|Any CPU
		{075C5F67-025D-414B-AA1B-43CC17EEE7D5}.Debug|Any CPU.Build.0 = Debug|Any CPU
		{075C5F67-025D-414B-AA1B-43CC17EEE7D5}.Release|Any CPU.ActiveCfg = Release|Any CPU
		{075C5F67-025D-414B-AA1B-43CC17EEE7D5}.Release|Any CPU.Build.0 = Release|Any CPU
		{D930C6EE-4867-442A-8D86-CA9BE3D8B0FA}.Debug|Any CPU.ActiveCfg = Debug|Any CPU
		{D930C6EE-4867-442A-8D86-CA9BE3D8B0FA}.Debug|Any CPU.Build.0 = Debug|Any CPU
		{D930C6EE-4867-442A-8D86-CA9BE3D8B0FA}.Release|Any CPU.ActiveCfg = Release|Any CPU
		{D930C6EE-4867-442A-8D86-CA9BE3D8B0FA}.Release|Any CPU.Build.0 = Release|Any CPU
	EndGlobalSection
	GlobalSection(SolutionProperties) = preSolution
		HideSolutionNode = FALSE
	EndGlobalSection
	GlobalSection(ExtensibilityGlobals) = postSolution
		SolutionGuid = {FC3E53AE-F7E2-457C-94AA-A6878C02EB54}
	EndGlobalSection
EndGlobal
